
Microsoft Visual Studio Solution File, Format Version 12.00
Project("{2150E333-8FDC-42A3-9474-1A3956D46DE8}") = "ApiGateway", "ApiGateway", "{FBCC9EA7-68EF-471F-A277-88EA9A8F8591}"
EndProject
Project("{FAE04EC0-301F-11D3-BF4B-00C04F79EFBC}") = "ApiGateway", "Services\ApiGateway\ApiGateway\ApiGateway.csproj", "{442D129B-81A3-4DDC-B5F7-AE1CDAF8FFFC}"
EndProject
Project("{2150E333-8FDC-42A3-9474-1A3956D46DE8}") = "AuthService", "AuthService", "{BA9D3D6A-5B5C-4C64-BE3E-483299B070AD}"
EndProject
Project("{FAE04EC0-301F-11D3-BF4B-00C04F79EFBC}") = "AuthService.Api", "Services\AuthService\AuthService.Api\AuthService.Api.csproj", "{DF4AC712-799F-4CB3-AB50-528E710EB753}"
EndProject
Project("{FAE04EC0-301F-11D3-BF4B-00C04F79EFBC}") = "AuthService.Application", "Services\AuthService\AuthService.Application\AuthService.Application.csproj", "{456C552B-575C-4092-905D-786C72431898}"
EndProject
Project("{FAE04EC0-301F-11D3-BF4B-00C04F79EFBC}") = "AuthService.Domain", "Services\AuthService\AuthService.Domain\AuthService.Domain.csproj", "{E9A20646-A962-47AB-8ECE-F544D1A2AECE}"
EndProject
Project("{FAE04EC0-301F-11D3-BF4B-00C04F79EFBC}") = "AuthService.Infrastructure", "Services\AuthService\AuthService.Infrastructure\AuthService.Infrastructure.csproj", "{AA2DC647-F3E4-41BA-9C6A-437C239532AE}"
EndProject
Project("{2150E333-8FDC-42A3-9474-1A3956D46DE8}") = "CompanyService", "CompanyService", "{24CA3B4F-CD63-4553-84E5-5B6AB13AD117}"
EndProject
Project("{FAE04EC0-301F-11D3-BF4B-00C04F79EFBC}") = "CompanyService.Api", "Services\CompanyService\CompanyService.Api\CompanyService.Api.csproj", "{EA5E1651-3A68-4A79-A5ED-D655EC09BAB4}"
EndProject
Project("{FAE04EC0-301F-11D3-BF4B-00C04F79EFBC}") = "CompanyService.BLL", "Services\CompanyService\CompanyService.BLL\CompanyService.BLL.csproj", "{0930D927-4CF6-4BAF-853D-230B170BB57B}"
EndProject
Project("{FAE04EC0-301F-11D3-BF4B-00C04F79EFBC}") = "CompanyService.DAL", "Services\CompanyService\CompanyService.DAL\CompanyService.DAL.csproj", "{104C964D-CA71-43E1-8163-AA4D10C216EC}"
EndProject
Project("{FAE04EC0-301F-11D3-BF4B-00C04F79EFBC}") = "CompanyService.Tests", "Services\CompanyService\CompanyService.Tests\CompanyService.Tests.csproj", "{6B962793-A885-460D-BFAE-ED2E1D573D55}"
EndProject
Project("{2150E333-8FDC-42A3-9474-1A3956D46DE8}") = "FeedbackService", "FeedbackService", "{397634B6-B13E-4B59-85AF-B5AE721B9BC3}"
EndProject
Project("{FAE04EC0-301F-11D3-BF4B-00C04F79EFBC}") = "FeedbackService.Api", "Services\FeedbackService\FeedbackService.Api\FeedbackService.Api.csproj", "{BB768E32-D4C6-4E0E-B72E-1ABE1DC4F951}"
EndProject
Project("{FAE04EC0-301F-11D3-BF4B-00C04F79EFBC}") = "FeedbackService.BLL", "Services\FeedbackService\FeedbackService.BLL\FeedbackService.BLL.csproj", "{715DE6BF-0062-4365-AD00-62A37FA4082D}"
EndProject
Project("{FAE04EC0-301F-11D3-BF4B-00C04F79EFBC}") = "FeedbackService.DAL", "Services\FeedbackService\FeedbackService.DAL\FeedbackService.DAL.csproj", "{79E91620-21E7-4171-A3CC-52A38DFB97F7}"
EndProject
Project("{2150E333-8FDC-42A3-9474-1A3956D46DE8}") = "FilterService", "FilterService", "{87832841-A287-4D4B-908A-10509797442A}"
EndProject
Project("{FAE04EC0-301F-11D3-BF4B-00C04F79EFBC}") = "FilterService", "Services\FilterService\FilterService\FilterService.csproj", "{4B580D8A-72EC-4387-B3B8-D1B894E70A37}"
EndProject
Project("{2150E333-8FDC-42A3-9474-1A3956D46DE8}") = "SearchService", "SearchService", "{745B9A55-1600-4FA2-8ABD-D0332803AC4D}"
EndProject
Project("{FAE04EC0-301F-11D3-BF4B-00C04F79EFBC}") = "SearchService.Api", "Services\SearchService\SearchService.Api\SearchService.Api.csproj", "{961FE571-306B-444D-963C-64EAD4EAE005}"
EndProject
Project("{FAE04EC0-301F-11D3-BF4B-00C04F79EFBC}") = "SearchService.BLL", "Services\SearchService\SearchService.BLL\SearchService.BLL.csproj", "{7C8C6C85-23F0-4A70-AD8A-1B9E2D35D380}"
EndProject
Project("{FAE04EC0-301F-11D3-BF4B-00C04F79EFBC}") = "SearchService.Contract", "Services\SearchService\SearchService.Contract\SearchService.Contract.csproj", "{7F87ADA1-0377-49FC-8394-EC2B06C61DF2}"
EndProject
Project("{FAE04EC0-301F-11D3-BF4B-00C04F79EFBC}") = "SearchService.DAL", "Services\SearchService\SearchService.DAL\SearchService.DAL.csproj", "{FABF2E1E-18FE-45C1-8478-EFD2F281877B}"
EndProject
Project("{FAE04EC0-301F-11D3-BF4B-00C04F79EFBC}") = "SearchService.ML", "Services\SearchService\SearchService.ML\SearchService.ML.csproj", "{1F611085-9CDE-4E84-BCAF-83D0EDC67419}"
EndProject
Project("{2150E333-8FDC-42A3-9474-1A3956D46DE8}") = "WorkerService", "WorkerService", "{1010BB26-00E0-4EFF-9B5C-9C80AA3382F6}"
EndProject
Project("{FAE04EC0-301F-11D3-BF4B-00C04F79EFBC}") = "WorkerService.Api", "Services\WorkerService\WorkerService.Api\WorkerService.Api.csproj", "{F235CE90-C756-4CC0-9333-DEEB550EDCD4}"
EndProject
Project("{FAE04EC0-301F-11D3-BF4B-00C04F79EFBC}") = "WorkerService.BLL", "Services\WorkerService\WorkerService.BLL\WorkerService.BLL.csproj", "{F3202A07-CB29-4DCD-89A9-76B13F1A33D7}"
EndProject
Project("{FAE04EC0-301F-11D3-BF4B-00C04F79EFBC}") = "WorkerService.DAL", "Services\WorkerService\WorkerService.DAL\WorkerService.DAL.csproj", "{92816676-362B-46F7-BCE6-752B0A921945}"
EndProject
Project("{FAE04EC0-301F-11D3-BF4B-00C04F79EFBC}") = "WorkerService.Test", "Services\WorkerService\WorkerService.Test\WorkerService.Test.csproj", "{95BDB4D1-0047-4E3A-9C07-FF59BB9303F3}"
EndProject
Global
	GlobalSection(SolutionConfigurationPlatforms) = preSolution
		Debug|Any CPU = Debug|Any CPU
		Release|Any CPU = Release|Any CPU
	EndGlobalSection
	GlobalSection(NestedProjects) = preSolution
		{442D129B-81A3-4DDC-B5F7-AE1CDAF8FFFC} = {FBCC9EA7-68EF-471F-A277-88EA9A8F8591}
		{DF4AC712-799F-4CB3-AB50-528E710EB753} = {BA9D3D6A-5B5C-4C64-BE3E-483299B070AD}
		{456C552B-575C-4092-905D-786C72431898} = {BA9D3D6A-5B5C-4C64-BE3E-483299B070AD}
		{E9A20646-A962-47AB-8ECE-F544D1A2AECE} = {BA9D3D6A-5B5C-4C64-BE3E-483299B070AD}
		{AA2DC647-F3E4-41BA-9C6A-437C239532AE} = {BA9D3D6A-5B5C-4C64-BE3E-483299B070AD}
		{EA5E1651-3A68-4A79-A5ED-D655EC09BAB4} = {24CA3B4F-CD63-4553-84E5-5B6AB13AD117}
		{0930D927-4CF6-4BAF-853D-230B170BB57B} = {24CA3B4F-CD63-4553-84E5-5B6AB13AD117}
		{104C964D-CA71-43E1-8163-AA4D10C216EC} = {24CA3B4F-CD63-4553-84E5-5B6AB13AD117}
		{6B962793-A885-460D-BFAE-ED2E1D573D55} = {24CA3B4F-CD63-4553-84E5-5B6AB13AD117}
		{BB768E32-D4C6-4E0E-B72E-1ABE1DC4F951} = {397634B6-B13E-4B59-85AF-B5AE721B9BC3}
		{715DE6BF-0062-4365-AD00-62A37FA4082D} = {397634B6-B13E-4B59-85AF-B5AE721B9BC3}
		{79E91620-21E7-4171-A3CC-52A38DFB97F7} = {397634B6-B13E-4B59-85AF-B5AE721B9BC3}
		{4B580D8A-72EC-4387-B3B8-D1B894E70A37} = {87832841-A287-4D4B-908A-10509797442A}
		{961FE571-306B-444D-963C-64EAD4EAE005} = {745B9A55-1600-4FA2-8ABD-D0332803AC4D}
		{7C8C6C85-23F0-4A70-AD8A-1B9E2D35D380} = {745B9A55-1600-4FA2-8ABD-D0332803AC4D}
		{7F87ADA1-0377-49FC-8394-EC2B06C61DF2} = {745B9A55-1600-4FA2-8ABD-D0332803AC4D}
		{FABF2E1E-18FE-45C1-8478-EFD2F281877B} = {745B9A55-1600-4FA2-8ABD-D0332803AC4D}
		{1F611085-9CDE-4E84-BCAF-83D0EDC67419} = {745B9A55-1600-4FA2-8ABD-D0332803AC4D}
		{F235CE90-C756-4CC0-9333-DEEB550EDCD4} = {1010BB26-00E0-4EFF-9B5C-9C80AA3382F6}
		{F3202A07-CB29-4DCD-89A9-76B13F1A33D7} = {1010BB26-00E0-4EFF-9B5C-9C80AA3382F6}
		{92816676-362B-46F7-BCE6-752B0A921945} = {1010BB26-00E0-4EFF-9B5C-9C80AA3382F6}
		{95BDB4D1-0047-4E3A-9C07-FF59BB9303F3} = {1010BB26-00E0-4EFF-9B5C-9C80AA3382F6}
	EndGlobalSection
	GlobalSection(ProjectConfigurationPlatforms) = postSolution
		{442D129B-81A3-4DDC-B5F7-AE1CDAF8FFFC}.Debug|Any CPU.ActiveCfg = Debug|Any CPU
		{442D129B-81A3-4DDC-B5F7-AE1CDAF8FFFC}.Debug|Any CPU.Build.0 = Debug|Any CPU
		{442D129B-81A3-4DDC-B5F7-AE1CDAF8FFFC}.Release|Any CPU.ActiveCfg = Release|Any CPU
		{442D129B-81A3-4DDC-B5F7-AE1CDAF8FFFC}.Release|Any CPU.Build.0 = Release|Any CPU
		{DF4AC712-799F-4CB3-AB50-528E710EB753}.Debug|Any CPU.ActiveCfg = Debug|Any CPU
		{DF4AC712-799F-4CB3-AB50-528E710EB753}.Debug|Any CPU.Build.0 = Debug|Any CPU
		{DF4AC712-799F-4CB3-AB50-528E710EB753}.Release|Any CPU.ActiveCfg = Release|Any CPU
		{DF4AC712-799F-4CB3-AB50-528E710EB753}.Release|Any CPU.Build.0 = Release|Any CPU
		{456C552B-575C-4092-905D-786C72431898}.Debug|Any CPU.ActiveCfg = Debug|Any CPU
		{456C552B-575C-4092-905D-786C72431898}.Debug|Any CPU.Build.0 = Debug|Any CPU
		{456C552B-575C-4092-905D-786C72431898}.Release|Any CPU.ActiveCfg = Release|Any CPU
		{456C552B-575C-4092-905D-786C72431898}.Release|Any CPU.Build.0 = Release|Any CPU
		{E9A20646-A962-47AB-8ECE-F544D1A2AECE}.Debug|Any CPU.ActiveCfg = Debug|Any CPU
		{E9A20646-A962-47AB-8ECE-F544D1A2AECE}.Debug|Any CPU.Build.0 = Debug|Any CPU
		{E9A20646-A962-47AB-8ECE-F544D1A2AECE}.Release|Any CPU.ActiveCfg = Release|Any CPU
		{E9A20646-A962-47AB-8ECE-F544D1A2AECE}.Release|Any CPU.Build.0 = Release|Any CPU
		{AA2DC647-F3E4-41BA-9C6A-437C239532AE}.Debug|Any CPU.ActiveCfg = Debug|Any CPU
		{AA2DC647-F3E4-41BA-9C6A-437C239532AE}.Debug|Any CPU.Build.0 = Debug|Any CPU
		{AA2DC647-F3E4-41BA-9C6A-437C239532AE}.Release|Any CPU.ActiveCfg = Release|Any CPU
		{AA2DC647-F3E4-41BA-9C6A-437C239532AE}.Release|Any CPU.Build.0 = Release|Any CPU
		{EA5E1651-3A68-4A79-A5ED-D655EC09BAB4}.Debug|Any CPU.ActiveCfg = Debug|Any CPU
		{EA5E1651-3A68-4A79-A5ED-D655EC09BAB4}.Debug|Any CPU.Build.0 = Debug|Any CPU
		{EA5E1651-3A68-4A79-A5ED-D655EC09BAB4}.Release|Any CPU.ActiveCfg = Release|Any CPU
		{EA5E1651-3A68-4A79-A5ED-D655EC09BAB4}.Release|Any CPU.Build.0 = Release|Any CPU
		{0930D927-4CF6-4BAF-853D-230B170BB57B}.Debug|Any CPU.ActiveCfg = Debug|Any CPU
		{0930D927-4CF6-4BAF-853D-230B170BB57B}.Debug|Any CPU.Build.0 = Debug|Any CPU
		{0930D927-4CF6-4BAF-853D-230B170BB57B}.Release|Any CPU.ActiveCfg = Release|Any CPU
		{0930D927-4CF6-4BAF-853D-230B170BB57B}.Release|Any CPU.Build.0 = Release|Any CPU
		{104C964D-CA71-43E1-8163-AA4D10C216EC}.Debug|Any CPU.ActiveCfg = Debug|Any CPU
		{104C964D-CA71-43E1-8163-AA4D10C216EC}.Debug|Any CPU.Build.0 = Debug|Any CPU
		{104C964D-CA71-43E1-8163-AA4D10C216EC}.Release|Any CPU.ActiveCfg = Release|Any CPU
		{104C964D-CA71-43E1-8163-AA4D10C216EC}.Release|Any CPU.Build.0 = Release|Any CPU
		{6B962793-A885-460D-BFAE-ED2E1D573D55}.Debug|Any CPU.ActiveCfg = Debug|Any CPU
		{6B962793-A885-460D-BFAE-ED2E1D573D55}.Debug|Any CPU.Build.0 = Debug|Any CPU
		{6B962793-A885-460D-BFAE-ED2E1D573D55}.Release|Any CPU.ActiveCfg = Release|Any CPU
		{6B962793-A885-460D-BFAE-ED2E1D573D55}.Release|Any CPU.Build.0 = Release|Any CPU
		{BB768E32-D4C6-4E0E-B72E-1ABE1DC4F951}.Debug|Any CPU.ActiveCfg = Debug|Any CPU
		{BB768E32-D4C6-4E0E-B72E-1ABE1DC4F951}.Debug|Any CPU.Build.0 = Debug|Any CPU
		{BB768E32-D4C6-4E0E-B72E-1ABE1DC4F951}.Release|Any CPU.ActiveCfg = Release|Any CPU
		{BB768E32-D4C6-4E0E-B72E-1ABE1DC4F951}.Release|Any CPU.Build.0 = Release|Any CPU
		{715DE6BF-0062-4365-AD00-62A37FA4082D}.Debug|Any CPU.ActiveCfg = Debug|Any CPU
		{715DE6BF-0062-4365-AD00-62A37FA4082D}.Debug|Any CPU.Build.0 = Debug|Any CPU
		{715DE6BF-0062-4365-AD00-62A37FA4082D}.Release|Any CPU.ActiveCfg = Release|Any CPU
		{715DE6BF-0062-4365-AD00-62A37FA4082D}.Release|Any CPU.Build.0 = Release|Any CPU
		{79E91620-21E7-4171-A3CC-52A38DFB97F7}.Debug|Any CPU.ActiveCfg = Debug|Any CPU
		{79E91620-21E7-4171-A3CC-52A38DFB97F7}.Debug|Any CPU.Build.0 = Debug|Any CPU
		{79E91620-21E7-4171-A3CC-52A38DFB97F7}.Release|Any CPU.ActiveCfg = Release|Any CPU
		{79E91620-21E7-4171-A3CC-52A38DFB97F7}.Release|Any CPU.Build.0 = Release|Any CPU
		{4B580D8A-72EC-4387-B3B8-D1B894E70A37}.Debug|Any CPU.ActiveCfg = Debug|Any CPU
		{4B580D8A-72EC-4387-B3B8-D1B894E70A37}.Debug|Any CPU.Build.0 = Debug|Any CPU
		{4B580D8A-72EC-4387-B3B8-D1B894E70A37}.Release|Any CPU.ActiveCfg = Release|Any CPU
		{4B580D8A-72EC-4387-B3B8-D1B894E70A37}.Release|Any CPU.Build.0 = Release|Any CPU
		{961FE571-306B-444D-963C-64EAD4EAE005}.Debug|Any CPU.ActiveCfg = Debug|Any CPU
		{961FE571-306B-444D-963C-64EAD4EAE005}.Debug|Any CPU.Build.0 = Debug|Any CPU
		{961FE571-306B-444D-963C-64EAD4EAE005}.Release|Any CPU.ActiveCfg = Release|Any CPU
		{961FE571-306B-444D-963C-64EAD4EAE005}.Release|Any CPU.Build.0 = Release|Any CPU
		{7C8C6C85-23F0-4A70-AD8A-1B9E2D35D380}.Debug|Any CPU.ActiveCfg = Debug|Any CPU
		{7C8C6C85-23F0-4A70-AD8A-1B9E2D35D380}.Debug|Any CPU.Build.0 = Debug|Any CPU
		{7C8C6C85-23F0-4A70-AD8A-1B9E2D35D380}.Release|Any CPU.ActiveCfg = Release|Any CPU
		{7C8C6C85-23F0-4A70-AD8A-1B9E2D35D380}.Release|Any CPU.Build.0 = Release|Any CPU
		{7F87ADA1-0377-49FC-8394-EC2B06C61DF2}.Debug|Any CPU.ActiveCfg = Debug|Any CPU
		{7F87ADA1-0377-49FC-8394-EC2B06C61DF2}.Debug|Any CPU.Build.0 = Debug|Any CPU
		{7F87ADA1-0377-49FC-8394-EC2B06C61DF2}.Release|Any CPU.ActiveCfg = Release|Any CPU
		{7F87ADA1-0377-49FC-8394-EC2B06C61DF2}.Release|Any CPU.Build.0 = Release|Any CPU
		{FABF2E1E-18FE-45C1-8478-EFD2F281877B}.Debug|Any CPU.ActiveCfg = Debug|Any CPU
		{FABF2E1E-18FE-45C1-8478-EFD2F281877B}.Debug|Any CPU.Build.0 = Debug|Any CPU
		{FABF2E1E-18FE-45C1-8478-EFD2F281877B}.Release|Any CPU.ActiveCfg = Release|Any CPU
		{FABF2E1E-18FE-45C1-8478-EFD2F281877B}.Release|Any CPU.Build.0 = Release|Any CPU
		{1F611085-9CDE-4E84-BCAF-83D0EDC67419}.Debug|Any CPU.ActiveCfg = Debug|Any CPU
		{1F611085-9CDE-4E84-BCAF-83D0EDC67419}.Debug|Any CPU.Build.0 = Debug|Any CPU
		{1F611085-9CDE-4E84-BCAF-83D0EDC67419}.Release|Any CPU.ActiveCfg = Release|Any CPU
		{1F611085-9CDE-4E84-BCAF-83D0EDC67419}.Release|Any CPU.Build.0 = Release|Any CPU
		{F235CE90-C756-4CC0-9333-DEEB550EDCD4}.Debug|Any CPU.ActiveCfg = Debug|Any CPU
		{F235CE90-C756-4CC0-9333-DEEB550EDCD4}.Debug|Any CPU.Build.0 = Debug|Any CPU
		{F235CE90-C756-4CC0-9333-DEEB550EDCD4}.Release|Any CPU.ActiveCfg = Release|Any CPU
		{F235CE90-C756-4CC0-9333-DEEB550EDCD4}.Release|Any CPU.Build.0 = Release|Any CPU
		{F3202A07-CB29-4DCD-89A9-76B13F1A33D7}.Debug|Any CPU.ActiveCfg = Debug|Any CPU
		{F3202A07-CB29-4DCD-89A9-76B13F1A33D7}.Debug|Any CPU.Build.0 = Debug|Any CPU
		{F3202A07-CB29-4DCD-89A9-76B13F1A33D7}.Release|Any CPU.ActiveCfg = Release|Any CPU
		{F3202A07-CB29-4DCD-89A9-76B13F1A33D7}.Release|Any CPU.Build.0 = Release|Any CPU
		{92816676-362B-46F7-BCE6-752B0A921945}.Debug|Any CPU.ActiveCfg = Debug|Any CPU
		{92816676-362B-46F7-BCE6-752B0A921945}.Debug|Any CPU.Build.0 = Debug|Any CPU
		{92816676-362B-46F7-BCE6-752B0A921945}.Release|Any CPU.ActiveCfg = Release|Any CPU
		{92816676-362B-46F7-BCE6-752B0A921945}.Release|Any CPU.Build.0 = Release|Any CPU
		{95BDB4D1-0047-4E3A-9C07-FF59BB9303F3}.Debug|Any CPU.ActiveCfg = Debug|Any CPU
		{95BDB4D1-0047-4E3A-9C07-FF59BB9303F3}.Debug|Any CPU.Build.0 = Debug|Any CPU
		{95BDB4D1-0047-4E3A-9C07-FF59BB9303F3}.Release|Any CPU.ActiveCfg = Release|Any CPU
		{95BDB4D1-0047-4E3A-9C07-FF59BB9303F3}.Release|Any CPU.Build.0 = Release|Any CPU
	EndGlobalSection
EndGlobal
